{
    "requires": true,
    "lockfileVersion": 1,
    "dependencies": {
        "@ckeditor/ckeditor5-build-classic": {
            "version": "12.3.1",
            "resolved": "https://registry.npmjs.org/@ckeditor/ckeditor5-build-classic/-/ckeditor5-build-classic-12.3.1.tgz",
            "integrity": "sha512-nlE8wRasM3AF2XkXHJuj91cq46ZvmTBfXePCtjogT8s/niYlFma+Lqu7cAUONxRXh11m1IpgC6i+QOGFZH0p8A=="
        },
        "yuicompressor": {
            "version": "2.4.8",
            "resolved": "https://registry.npmjs.org/yuicompressor/-/yuicompressor-2.4.8.tgz",
            "integrity": "sha1-mNJnUfFm49uRmy/j6nz2Qt6ZjYs="
        }
    }
}
